github.com/aws/aws-sdk-go-v2 v1.32.7 h1:ky5o35oENWi0JYWUZkB7WYvVPP+bcRF5/Iq7JWSb5Rw=
github.com/aws/aws-sdk-go-v2 v1.32.7/go.mod h1:P5WJBrYqqbWVaOxgH0X/FYYD47/nooaPOZPlQdmiN2U=
github.com/aws/aws-sdk-go-v2/feature/dynamodb/attributevalue v1.15.22 h1:p2LDiYhvM9mMExEY1meHMAmjmVlzD1J1jVG+fGut+mE=
github.com/aws/aws-sdk-go-v2/feature/dynamodb/attributevalue v1.15.22/go.mod h1:fo5T2fYMHVF2rHrym50h7Ue/+SECRJlUHUFZLjSX18g=
github.com/aws/aws-sdk-go-v2/internal/configsources v1.3.26 h1:I/5wmGMffY4happ8NOCuIUEWGUvvFp5NSeQcXl9RHcI=
github.com/aws/aws-sdk-go-v2/internal/configsources v1.3.26/go.mod h1:FR8f4turZtNy6baO0KJ5FJUmXH/cSkI9fOngs0yl6mA=
github.com/aws/aws-sdk-go-v2/internal/endpoints/v2 v2.6.26 h1:zXFLuEuMMUOvEARXFUVJdfqZ4bvvSgdGRq/ATcrQxzM=
github.com/aws/aws-sdk-go-v2/internal/endpoints/v2 v2.6.26/go.mod h1:3o2Wpy0bogG1kyOPrgkXA8pgIfEEv0+m19O9D5+W8y8=
github.com/aws/aws-sdk-go-v2/service/dynamodb v1.38.1 h1:AnSNs7Ogi0LXHPMDBx4RE7imU4/JmzWFziqkMKJA2AY=
github.com/aws/aws-sdk-go-v2/service/dynamodb v1.38.1/go.mod h1:J8xqRbx7HIc8ids2P8JbrKx9irONPEYq7Z1FpLDpi3I=
github.com/aws/aws-sdk-go-v2/service/dynamodbstreams v1.24.10 h1:aWEbNPNdGiTGSR6/Yy9S0Ad07sMVaT/CFaVq7GuDGx4=
github.com/aws/aws-sdk-go-v2/service/dynamodbstreams v1.24.10/go.mod h1:HywkMgYwY0uaybPvvctx6fkm3L1ssRKeGv7TPZ6OQ/M=
github.com/aws/aws-sdk-go-v2/service/kms v1.37.8 h1:KbLZjYqhQ9hyB4HwXiheiflTlYQa0+Fz0Ms/rh5f3mk=
github.com/aws/aws-sdk-go-v2/service/kms v1.37.8/go.mod h1:ANs9kBhK4Ghj9z1W+bsr3WsNaPF71qkgd6eE6Ekol/Y=
github.com/aws/smithy-go v1.22.1 h1:/HPHZQ0g7f4eUeK6HKglFz8uwVfZKgoI25rb/J+dnro=
github.com/aws/smithy-go v1.22.1/go.mod h1:irrKGvNn1InZwb2d7fkIRNucdfwR8R+Ts3wxYa/cJHg=
golang.org/x/crypto v0.31.0 h1:ihbySMvVjLAeSH1IbfcRTkD/iNscyz8rGzjF/E5hV6U=
golang.org/x/crypto v0.31.0/go.mod h1:kDsLvtWBEx7MV9tJOj9bnXsPbxwJQ6csT/x4KIN4Ssk=
golang.org/x/sys v0.28.0 h1:Fksou7UEQUWlKvIdsqzJmUmCX3cZuD2+P3XyyzwMhlA=
golang.org/x/sys v0.28.0/go.mod h1:/VUhepiaJMQUp4+oa/7Zr1D23ma6VTLIYjOOTFZPUcA=
